<?xml version="1.0" encoding="utf-8"?>
<Project ToolsVersion="4.0" xmlns="http://schemas.microsoft.com/developer/msbuild/2003">
  <ItemGroup>
    <Filter Include="Source Files">
      <UniqueIdentifier>{4FC737F1-C7A5-4376-A066-2A32D752A2FF}</UniqueIdentifier>
      <Extensions>cpp;c;cc;cxx;def;odl;idl;hpj;bat;asm;asmx</Extensions>
    </Filter>
    <Filter Include="Header Files">
      <UniqueIdentifier>{93995380-89BD-4b04-88EB-625FBE52EBFB}</UniqueIdentifier>
      <Extensions>h;hh;hpp;hxx;hm;inl;inc;ipp;xsd</Extensions>
    </Filter>
    <Filter Include="Header Files\Classes">
      <UniqueIdentifier>{68dcbb85-1955-4d4a-8c40-e65a06b11069}</UniqueIdentifier>
    </Filter>
    <Filter Include="Source Files\Globals">
      <UniqueIdentifier>{b2c617fc-5469-4d1f-b198-52492da135cd}</UniqueIdentifier>
    </Filter>
    <Filter Include="Header Files\Globals">
      <UniqueIdentifier>{9a625f3d-b532-4321-996b-7834d403095b}</UniqueIdentifier>
    </Filter>
    <Filter Include="Header Files\Features">
      <UniqueIdentifier>{f9b7afcf-3cb1-4f61-83a1-a8bc9a499f35}</UniqueIdentifier>
    </Filter>
    <Filter Include="Source Files\Features">
      <UniqueIdentifier>{668707a4-04c7-4b1a-8df0-1ab9df6bf584}</UniqueIdentifier>
    </Filter>
  </ItemGroup>
  <ItemGroup>
    <ClCompile Include="Entrypoint.cpp" />
    <ClCompile Include="Interfaces.cpp">
      <Filter>Source Files</Filter>
    </ClCompile>
    <ClCompile Include="Globals\Globals.cpp">
      <Filter>Source Files\Globals</Filter>
    </ClCompile>
    <ClCompile Include="Hooks\Hooks.cpp">
      <Filter>Source Files</Filter>
    </ClCompile>
    <ClCompile Include="Features\CBhop.cpp">
      <Filter>Source Files\Features</Filter>
    </ClCompile>
  </ItemGroup>
  <ItemGroup>
    <ClInclude Include="Interfaces.h">
      <Filter>Header Files</Filter>
    </ClInclude>
    <ClInclude Include="Classes\Color.h">
      <Filter>Header Files\Classes</Filter>
    </ClInclude>
    <ClInclude Include="Classes\ISurface.h">
      <Filter>Header Files\Classes</Filter>
    </ClInclude>
    <ClInclude Include="Classes\IVEngineClient.h">
      <Filter>Header Files\Classes</Filter>
    </ClInclude>
    <ClInclude Include="Classes\IClientEntity.h">
      <Filter>Header Files\Classes</Filter>
    </ClInclude>
    <ClInclude Include="Classes\IClientEntityList.h">
      <Filter>Header Files\Classes</Filter>
    </ClInclude>
    <ClInclude Include="Classes\IPanel.h">
      <Filter>Header Files\Classes</Filter>
    </ClInclude>
    <ClInclude Include="Classes\IClientMode.h">
      <Filter>Header Files\Classes</Filter>
    </ClInclude>
    <ClInclude Include="Classes\CInput.h">
      <Filter>Header Files\Classes</Filter>
    </ClInclude>
    <ClInclude Include="Classes\Vector.h">
      <Filter>Header Files\Classes</Filter>
    </ClInclude>
    <ClInclude Include="Classes\VTHook.h">
      <Filter>Header Files\Classes</Filter>
    </ClInclude>
    <ClInclude Include="Classes\Utilities.h">
      <Filter>Header Files\Classes</Filter>
    </ClInclude>
    <ClInclude Include="Globals\Globals.h">
      <Filter>Header Files\Globals</Filter>
    </ClInclude>
    <ClInclude Include="Hooks\Hooks.h">
      <Filter>Header Files</Filter>
    </ClInclude>
    <ClInclude Include="Features\CBhop.h">
      <Filter>Header Files\Features</Filter>
    </ClInclude>
    <ClInclude Include="Classes\CBaseEntity.h">
      <Filter>Header Files\Classes</Filter>
    </ClInclude>
    <ClInclude Include="Classes\CClientClass.h">
      <Filter>Header Files\Classes</Filter>
    </ClInclude>
    <ClInclude Include="Classes\EStructs.h">
      <Filter>Header Files\Classes</Filter>
    </ClInclude>
    <ClInclude Include="Classes\IClientNetworkable.h">
      <Filter>Header Files\Classes</Filter>
    </ClInclude>
  </ItemGroup>
</Project>